<Solution>
  <Project Path="src/NShadow.Core/NShadow.Core.csproj" Id="d58f5ff8-59ec-438c-9670-7e3f2678505c" />
  <Project Path="src/NShadow.Cryptography/NShadow.Cryptography.csproj" Id="4bed11eb-b835-49da-920d-6dcb99d0c0db" />
  <Project Path="src/NShadow.WebApi/NShadow.WebApi.csproj" />
</Solution>
